// !$*UTF8*$!
{
	archiveVersion = 1;
	classes = {
	};
	objectVersion = 56;
	objects = {

/* Begin PBXBuildFile section */
		9374354B2B27FFB1001FE2FF /* UIImage+Extensions.swift in Sources */ = {isa = PBXBuildFile; fileRef = 9374354A2B27FFB1001FE2FF /* UIImage+Extensions.swift */; };
		939311652B27954800E9E516 /* View+Extensions.swift in Sources */ = {isa = PBXBuildFile; fileRef = 939311642B27954800E9E516 /* View+Extensions.swift */; };
		939355772B2625BB007B7232 /* Swinject in Frameworks */ = {isa = PBXBuildFile; productRef = 939355762B2625BB007B7232 /* Swinject */; };
		9393557B2B2625F9007B7232 /* DependencyManager.swift in Sources */ = {isa = PBXBuildFile; fileRef = 9393557A2B2625F9007B7232 /* DependencyManager.swift */; };
		9393557D2B262601007B7232 /* Resolver.swift in Sources */ = {isa = PBXBuildFile; fileRef = 9393557C2B262601007B7232 /* Resolver.swift */; };
		939355802B26266E007B7232 /* ApiContainer.swift in Sources */ = {isa = PBXBuildFile; fileRef = 9393557F2B26266E007B7232 /* ApiContainer.swift */; };
		939355862B2627AD007B7232 /* ApiConsts.swift in Sources */ = {isa = PBXBuildFile; fileRef = 939355852B2627AD007B7232 /* ApiConsts.swift */; };
		939355882B2627C0007B7232 /* ApiClient.swift in Sources */ = {isa = PBXBuildFile; fileRef = 939355872B2627C0007B7232 /* ApiClient.swift */; };
		9393558A2B262A6C007B7232 /* Product.swift in Sources */ = {isa = PBXBuildFile; fileRef = 939355892B262A6C007B7232 /* Product.swift */; };
		9393558C2B262A96007B7232 /* Category.swift in Sources */ = {isa = PBXBuildFile; fileRef = 9393558B2B262A96007B7232 /* Category.swift */; };
		9393558E2B262AF7007B7232 /* ProductMock.swift in Sources */ = {isa = PBXBuildFile; fileRef = 9393558D2B262AF7007B7232 /* ProductMock.swift */; };
		939355912B262D05007B7232 /* ProductsStoreServiceImpl.swift in Sources */ = {isa = PBXBuildFile; fileRef = 939355902B262D05007B7232 /* ProductsStoreServiceImpl.swift */; };
		939355932B262D1E007B7232 /* ProductsStoreService.swift in Sources */ = {isa = PBXBuildFile; fileRef = 939355922B262D1E007B7232 /* ProductsStoreService.swift */; };
		939355952B262E1E007B7232 /* Result.swift in Sources */ = {isa = PBXBuildFile; fileRef = 939355942B262E1E007B7232 /* Result.swift */; };
		939355992B26AB44007B7232 /* SplashView.swift in Sources */ = {isa = PBXBuildFile; fileRef = 939355982B26AB44007B7232 /* SplashView.swift */; };
		9393559C2B26B511007B7232 /* ProductsListingView.swift in Sources */ = {isa = PBXBuildFile; fileRef = 9393559B2B26B511007B7232 /* ProductsListingView.swift */; };
		9393559E2B26B537007B7232 /* ProductsListingInteractor.swift in Sources */ = {isa = PBXBuildFile; fileRef = 9393559D2B26B537007B7232 /* ProductsListingInteractor.swift */; };
		939355A02B26B54E007B7232 /* ProductsListingPresenter.swift in Sources */ = {isa = PBXBuildFile; fileRef = 9393559F2B26B54E007B7232 /* ProductsListingPresenter.swift */; };
		939355A22B26B566007B7232 /* ProductsListingRouter.swift in Sources */ = {isa = PBXBuildFile; fileRef = 939355A12B26B566007B7232 /* ProductsListingRouter.swift */; };
		939355A42B26B590007B7232 /* ProductsListingDependencies.swift in Sources */ = {isa = PBXBuildFile; fileRef = 939355A32B26B590007B7232 /* ProductsListingDependencies.swift */; };
		939355A92B26B8ED007B7232 /* ProductsListingContracts.swift in Sources */ = {isa = PBXBuildFile; fileRef = 939355A82B26B8ED007B7232 /* ProductsListingContracts.swift */; };
		939355AE2B26B94F007B7232 /* WebBrowserView.swift in Sources */ = {isa = PBXBuildFile; fileRef = 939355AD2B26B94F007B7232 /* WebBrowserView.swift */; };
		939355B12B26B9B0007B7232 /* WebView.swift in Sources */ = {isa = PBXBuildFile; fileRef = 939355B02B26B9B0007B7232 /* WebView.swift */; };
		939355B32B26BBE6007B7232 /* ProductItemView.swift in Sources */ = {isa = PBXBuildFile; fileRef = 939355B22B26BBE6007B7232 /* ProductItemView.swift */; };
		939355B52B26BDD8007B7232 /* CommonExtension.swift in Sources */ = {isa = PBXBuildFile; fileRef = 939355B42B26BDD8007B7232 /* CommonExtension.swift */; };
		93BF3B1E2B25DC32002520D4 /* SwiftUI_Viper_ArchitectureApp.swift in Sources */ = {isa = PBXBuildFile; fileRef = 93BF3B1D2B25DC32002520D4 /* SwiftUI_Viper_ArchitectureApp.swift */; };
		93BF3B202B25DC32002520D4 /* ContentView.swift in Sources */ = {isa = PBXBuildFile; fileRef = 93BF3B1F2B25DC32002520D4 /* ContentView.swift */; };
		93BF3B222B25DC34002520D4 /* Assets.xcassets in Resources */ = {isa = PBXBuildFile; fileRef = 93BF3B212B25DC34002520D4 /* Assets.xcassets */; };
		93BF3B252B25DC34002520D4 /* Preview Assets.xcassets in Resources */ = {isa = PBXBuildFile; fileRef = 93BF3B242B25DC34002520D4 /* Preview Assets.xcassets */; };
		93BF3B2F2B25DC35002520D4 /* SwiftUI_Viper_ArchitectureTests.swift in Sources */ = {isa = PBXBuildFile; fileRef = 93BF3B2E2B25DC35002520D4 /* SwiftUI_Viper_ArchitectureTests.swift */; };
		93BF3B392B25DC35002520D4 /* SwiftUI_Viper_ArchitectureUITests.swift in Sources */ = {isa = PBXBuildFile; fileRef = 93BF3B382B25DC35002520D4 /* SwiftUI_Viper_ArchitectureUITests.swift */; };
		93BF3B3B2B25DC35002520D4 /* SwiftUI_Viper_ArchitectureUITestsLaunchTests.swift in Sources */ = {isa = PBXBuildFile; fileRef = 93BF3B3A2B25DC35002520D4 /* SwiftUI_Viper_ArchitectureUITestsLaunchTests.swift */; };
/* End PBXBuildFile section */

/* Begin PBXContainerItemProxy section */
		93BF3B2B2B25DC34002520D4 /* PBXContainerItemProxy */ = {
			isa = PBXContainerItemProxy;
			containerPortal = 93BF3B122B25DC32002520D4 /* Project object */;
			proxyType = 1;
			remoteGlobalIDString = 93BF3B192B25DC32002520D4;
			remoteInfo = "SwiftUI-Viper-Architecture";
		};
		93BF3B352B25DC35002520D4 /* PBXContainerItemProxy */ = {
			isa = PBXContainerItemProxy;
			containerPortal = 93BF3B122B25DC32002520D4 /* Project object */;
			proxyType = 1;
			remoteGlobalIDString = 93BF3B192B25DC32002520D4;
			remoteInfo = "SwiftUI-Viper-Architecture";
		};
/* End PBXContainerItemProxy section */

/* Begin PBXFileReference section */
		9374354A2B27FFB1001FE2FF /* UIImage+Extensions.swift */ = {isa = PBXFileReference; lastKnownFileType = sourcecode.swift; path = "UIImage+Extensions.swift"; sourceTree = "<group>"; };
		939311642B27954800E9E516 /* View+Extensions.swift */ = {isa = PBXFileReference; lastKnownFileType = sourcecode.swift; path = "View+Extensions.swift"; sourceTree = "<group>"; };
		9393557A2B2625F9007B7232 /* DependencyManager.swift */ = {isa = PBXFileReference; fileEncoding = 4; lastKnownFileType = sourcecode.swift; path = DependencyManager.swift; sourceTree = "<group>"; };
		9393557C2B262601007B7232 /* Resolver.swift */ = {isa = PBXFileReference; fileEncoding = 4; lastKnownFileType = sourcecode.swift; path = Resolver.swift; sourceTree = "<group>"; };
		9393557F2B26266E007B7232 /* ApiContainer.swift */ = {isa = PBXFileReference; lastKnownFileType = sourcecode.swift; path = ApiContainer.swift; sourceTree = "<group>"; };
		939355852B2627AD007B7232 /* ApiConsts.swift */ = {isa = PBXFileReference; lastKnownFileType = sourcecode.swift; path = ApiConsts.swift; sourceTree = "<group>"; };
		939355872B2627C0007B7232 /* ApiClient.swift */ = {isa = PBXFileReference; lastKnownFileType = sourcecode.swift; path = ApiClient.swift; sourceTree = "<group>"; };
		939355892B262A6C007B7232 /* Product.swift */ = {isa = PBXFileReference; lastKnownFileType = sourcecode.swift; path = Product.swift; sourceTree = "<group>"; };
		9393558B2B262A96007B7232 /* Category.swift */ = {isa = PBXFileReference; lastKnownFileType = sourcecode.swift; path = Category.swift; sourceTree = "<group>"; };
		9393558D2B262AF7007B7232 /* ProductMock.swift */ = {isa = PBXFileReference; lastKnownFileType = sourcecode.swift; path = ProductMock.swift; sourceTree = "<group>"; };
		939355902B262D05007B7232 /* ProductsStoreServiceImpl.swift */ = {isa = PBXFileReference; lastKnownFileType = sourcecode.swift; path = ProductsStoreServiceImpl.swift; sourceTree = "<group>"; };
		939355922B262D1E007B7232 /* ProductsStoreService.swift */ = {isa = PBXFileReference; lastKnownFileType = sourcecode.swift; path = ProductsStoreService.swift; sourceTree = "<group>"; };
		939355942B262E1E007B7232 /* Result.swift */ = {isa = PBXFileReference; lastKnownFileType = sourcecode.swift; path = Result.swift; sourceTree = "<group>"; };
		939355982B26AB44007B7232 /* SplashView.swift */ = {isa = PBXFileReference; lastKnownFileType = sourcecode.swift; path = SplashView.swift; sourceTree = "<group>"; };
		9393559B2B26B511007B7232 /* ProductsListingView.swift */ = {isa = PBXFileReference; lastKnownFileType = sourcecode.swift; path = ProductsListingView.swift; sourceTree = "<group>"; };
		9393559D2B26B537007B7232 /* ProductsListingInteractor.swift */ = {isa = PBXFileReference; lastKnownFileType = sourcecode.swift; path = ProductsListingInteractor.swift; sourceTree = "<group>"; };
		9393559F2B26B54E007B7232 /* ProductsListingPresenter.swift */ = {isa = PBXFileReference; lastKnownFileType = sourcecode.swift; path = ProductsListingPresenter.swift; sourceTree = "<group>"; };
		939355A12B26B566007B7232 /* ProductsListingRouter.swift */ = {isa = PBXFileReference; lastKnownFileType = sourcecode.swift; path = ProductsListingRouter.swift; sourceTree = "<group>"; };
		939355A32B26B590007B7232 /* ProductsListingDependencies.swift */ = {isa = PBXFileReference; lastKnownFileType = sourcecode.swift; path = ProductsListingDependencies.swift; sourceTree = "<group>"; };
		939355A82B26B8ED007B7232 /* ProductsListingContracts.swift */ = {isa = PBXFileReference; fileEncoding = 4; lastKnownFileType = sourcecode.swift; path = ProductsListingContracts.swift; sourceTree = "<group>"; };
		939355AD2B26B94F007B7232 /* WebBrowserView.swift */ = {isa = PBXFileReference; lastKnownFileType = sourcecode.swift; path = WebBrowserView.swift; sourceTree = "<group>"; };
		939355B02B26B9B0007B7232 /* WebView.swift */ = {isa = PBXFileReference; lastKnownFileType = sourcecode.swift; path = WebView.swift; sourceTree = "<group>"; };
		939355B22B26BBE6007B7232 /* ProductItemView.swift */ = {isa = PBXFileReference; lastKnownFileType = sourcecode.swift; path = ProductItemView.swift; sourceTree = "<group>"; };
		939355B42B26BDD8007B7232 /* CommonExtension.swift */ = {isa = PBXFileReference; lastKnownFileType = sourcecode.swift; path = CommonExtension.swift; sourceTree = "<group>"; };
		93BF3B1A2B25DC32002520D4 /* SwiftUI-Viper-Architecture.app */ = {isa = PBXFileReference; explicitFileType = wrapper.application; includeInIndex = 0; path = "SwiftUI-Viper-Architecture.app"; sourceTree = BUILT_PRODUCTS_DIR; };
		93BF3B1D2B25DC32002520D4 /* SwiftUI_Viper_ArchitectureApp.swift */ = {isa = PBXFileReference; lastKnownFileType = sourcecode.swift; path = SwiftUI_Viper_ArchitectureApp.swift; sourceTree = "<group>"; };
		93BF3B1F2B25DC32002520D4 /* ContentView.swift */ = {isa = PBXFileReference; lastKnownFileType = sourcecode.swift; path = ContentView.swift; sourceTree = "<group>"; };
		93BF3B212B25DC34002520D4 /* Assets.xcassets */ = {isa = PBXFileReference; lastKnownFileType = folder.assetcatalog; path = Assets.xcassets; sourceTree = "<group>"; };
		93BF3B242B25DC34002520D4 /* Preview Assets.xcassets */ = {isa = PBXFileReference; lastKnownFileType = folder.assetcatalog; path = "Preview Assets.xcassets"; sourceTree = "<group>"; };
		93BF3B2A2B25DC34002520D4 /* SwiftUI-Viper-ArchitectureTests.xctest */ = {isa = PBXFileReference; explicitFileType = wrapper.cfbundle; includeInIndex = 0; path = "SwiftUI-Viper-ArchitectureTests.xctest"; sourceTree = BUILT_PRODUCTS_DIR; };
		93BF3B2E2B25DC35002520D4 /* SwiftUI_Viper_ArchitectureTests.swift */ = {isa = PBXFileReference; lastKnownFileType = sourcecode.swift; path = SwiftUI_Viper_ArchitectureTests.swift; sourceTree = "<group>"; };
		93BF3B342B25DC35002520D4 /* SwiftUI-Viper-ArchitectureUITests.xctest */ = {isa = PBXFileReference; explicitFileType = wrapper.cfbundle; includeInIndex = 0; path = "SwiftUI-Viper-ArchitectureUITests.xctest"; sourceTree = BUILT_PRODUCTS_DIR; };
		93BF3B382B25DC35002520D4 /* SwiftUI_Viper_ArchitectureUITests.swift */ = {isa = PBXFileReference; lastKnownFileType = sourcecode.swift; path = SwiftUI_Viper_ArchitectureUITests.swift; sourceTree = "<group>"; };
		93BF3B3A2B25DC35002520D4 /* SwiftUI_Viper_ArchitectureUITestsLaunchTests.swift */ = {isa = PBXFileReference; lastKnownFileType = sourcecode.swift; path = SwiftUI_Viper_ArchitectureUITestsLaunchTests.swift; sourceTree = "<group>"; };
/* End PBXFileReference section */

/* Begin PBXFrameworksBuildPhase section */
		93BF3B172B25DC32002520D4 /* Frameworks */ = {
			isa = PBXFrameworksBuildPhase;
			buildActionMask = 2147483647;
			files = (
				939355772B2625BB007B7232 /* Swinject in Frameworks */,
			);
			runOnlyForDeploymentPostprocessing = 0;
		};
		93BF3B272B25DC34002520D4 /* Frameworks */ = {
			isa = PBXFrameworksBuildPhase;
			buildActionMask = 2147483647;
			files = (
			);
			runOnlyForDeploymentPostprocessing = 0;
		};
		93BF3B312B25DC35002520D4 /* Frameworks */ = {
			isa = PBXFrameworksBuildPhase;
			buildActionMask = 2147483647;
			files = (
			);
			runOnlyForDeploymentPostprocessing = 0;
		};
/* End PBXFrameworksBuildPhase section */

/* Begin PBXGroup section */
		939355752B2625BB007B7232 /* Frameworks */ = {
			isa = PBXGroup;
			children = (
			);
			name = Frameworks;
			sourceTree = "<group>";
		};
		9393557E2B262634007B7232 /* Container */ = {
			isa = PBXGroup;
			children = (
				9393557F2B26266E007B7232 /* ApiContainer.swift */,
			);
			path = Container;
			sourceTree = "<group>";
		};
		939355812B262711007B7232 /* API */ = {
			isa = PBXGroup;
			children = (
				939355842B262776007B7232 /* Service */,
				939355822B26271B007B7232 /* Entity */,
				939355832B262746007B7232 /* Mock */,
				939355852B2627AD007B7232 /* ApiConsts.swift */,
				939355872B2627C0007B7232 /* ApiClient.swift */,
			);
			path = API;
			sourceTree = "<group>";
		};
		939355822B26271B007B7232 /* Entity */ = {
			isa = PBXGroup;
			children = (
				939355892B262A6C007B7232 /* Product.swift */,
				9393558B2B262A96007B7232 /* Category.swift */,
			);
			path = Entity;
			sourceTree = "<group>";
		};
		939355832B262746007B7232 /* Mock */ = {
			isa = PBXGroup;
			children = (
				9393558D2B262AF7007B7232 /* ProductMock.swift */,
			);
			path = Mock;
			sourceTree = "<group>";
		};
		939355842B262776007B7232 /* Service */ = {
			isa = PBXGroup;
			children = (
				9393558F2B262CC3007B7232 /* Impl */,
				939355922B262D1E007B7232 /* ProductsStoreService.swift */,
			);
			path = Service;
			sourceTree = "<group>";
		};
		9393558F2B262CC3007B7232 /* Impl */ = {
			isa = PBXGroup;
			children = (
				939355902B262D05007B7232 /* ProductsStoreServiceImpl.swift */,
			);
			path = Impl;
			sourceTree = "<group>";
		};
		939355962B26A7FC007B7232 /* Screen */ = {
			isa = PBXGroup;
			children = (
				939355AC2B26B93D007B7232 /* WebBrowser */,
				9393559A2B26B4D7007B7232 /* ProductsHomePage */,
				939355972B26AB31007B7232 /* Splash */,
			);
			path = Screen;
			sourceTree = "<group>";
		};
		939355972B26AB31007B7232 /* Splash */ = {
			isa = PBXGroup;
			children = (
				939355982B26AB44007B7232 /* SplashView.swift */,
			);
			path = Splash;
			sourceTree = "<group>";
		};
		9393559A2B26B4D7007B7232 /* ProductsHomePage */ = {
			isa = PBXGroup;
			children = (
				939355A82B26B8ED007B7232 /* ProductsListingContracts.swift */,
				9393559B2B26B511007B7232 /* ProductsListingView.swift */,
				9393559D2B26B537007B7232 /* ProductsListingInteractor.swift */,
				9393559F2B26B54E007B7232 /* ProductsListingPresenter.swift */,
				939355A12B26B566007B7232 /* ProductsListingRouter.swift */,
				939355A32B26B590007B7232 /* ProductsListingDependencies.swift */,
			);
			path = ProductsHomePage;
			sourceTree = "<group>";
		};
		939355AC2B26B93D007B7232 /* WebBrowser */ = {
			isa = PBXGroup;
			children = (
				939355AD2B26B94F007B7232 /* WebBrowserView.swift */,
			);
			path = WebBrowser;
			sourceTree = "<group>";
		};
		939355AF2B26B9A2007B7232 /* View */ = {
			isa = PBXGroup;
			children = (
				939355B02B26B9B0007B7232 /* WebView.swift */,
				939355B22B26BBE6007B7232 /* ProductItemView.swift */,
			);
			path = View;
			sourceTree = "<group>";
		};
		93BF3B112B25DC32002520D4 = {
			isa = PBXGroup;
			children = (
				93BF3B1C2B25DC32002520D4 /* SwiftUI-Viper-Architecture */,
				93BF3B2D2B25DC35002520D4 /* SwiftUI-Viper-ArchitectureTests */,
				93BF3B372B25DC35002520D4 /* SwiftUI-Viper-ArchitectureUITests */,
				93BF3B1B2B25DC32002520D4 /* Products */,
				939355752B2625BB007B7232 /* Frameworks */,
			);
			sourceTree = "<group>";
		};
		93BF3B1B2B25DC32002520D4 /* Products */ = {
			isa = PBXGroup;
			children = (
				93BF3B1A2B25DC32002520D4 /* SwiftUI-Viper-Architecture.app */,
				93BF3B2A2B25DC34002520D4 /* SwiftUI-Viper-ArchitectureTests.xctest */,
				93BF3B342B25DC35002520D4 /* SwiftUI-Viper-ArchitectureUITests.xctest */,
			);
			name = Products;
			sourceTree = "<group>";
		};
		93BF3B1C2B25DC32002520D4 /* SwiftUI-Viper-Architecture */ = {
			isa = PBXGroup;
			children = (
				93BF3B472B25F23C002520D4 /* DI */,
				93BF3B482B25F24A002520D4 /* Data */,
				93BF3B492B25F255002520D4 /* UI */,
				93BF3B4A2B25F25D002520D4 /* Extension */,
				93BF3B4B2B25F285002520D4 /* Common */,
				93BF3B1D2B25DC32002520D4 /* SwiftUI_Viper_ArchitectureApp.swift */,
				93BF3B1F2B25DC32002520D4 /* ContentView.swift */,
				93BF3B212B25DC34002520D4 /* Assets.xcassets */,
				93BF3B232B25DC34002520D4 /* Preview Content */,
			);
			path = "SwiftUI-Viper-Architecture";
			sourceTree = "<group>";
		};
		93BF3B232B25DC34002520D4 /* Preview Content */ = {
			isa = PBXGroup;
			children = (
				93BF3B242B25DC34002520D4 /* Preview Assets.xcassets */,
			);
			path = "Preview Content";
			sourceTree = "<group>";
		};
		93BF3B2D2B25DC35002520D4 /* SwiftUI-Viper-ArchitectureTests */ = {
			isa = PBXGroup;
			children = (
				93BF3B2E2B25DC35002520D4 /* SwiftUI_Viper_ArchitectureTests.swift */,
			);
			path = "SwiftUI-Viper-ArchitectureTests";
			sourceTree = "<group>";
		};
		93BF3B372B25DC35002520D4 /* SwiftUI-Viper-ArchitectureUITests */ = {
			isa = PBXGroup;
			children = (
				93BF3B382B25DC35002520D4 /* SwiftUI_Viper_ArchitectureUITests.swift */,
				93BF3B3A2B25DC35002520D4 /* SwiftUI_Viper_ArchitectureUITestsLaunchTests.swift */,
			);
			path = "SwiftUI-Viper-ArchitectureUITests";
			sourceTree = "<group>";
		};
		93BF3B472B25F23C002520D4 /* DI */ = {
			isa = PBXGroup;
			children = (
				9393557E2B262634007B7232 /* Container */,
				9393557C2B262601007B7232 /* Resolver.swift */,
				9393557A2B2625F9007B7232 /* DependencyManager.swift */,
			);
			path = DI;
			sourceTree = "<group>";
		};
		93BF3B482B25F24A002520D4 /* Data */ = {
			isa = PBXGroup;
			children = (
				939355812B262711007B7232 /* API */,
			);
			path = Data;
			sourceTree = "<group>";
		};
		93BF3B492B25F255002520D4 /* UI */ = {
			isa = PBXGroup;
			children = (
				939355AF2B26B9A2007B7232 /* View */,
				939355962B26A7FC007B7232 /* Screen */,
			);
			path = UI;
			sourceTree = "<group>";
		};
		93BF3B4A2B25F25D002520D4 /* Extension */ = {
			isa = PBXGroup;
			children = (
				939355B42B26BDD8007B7232 /* CommonExtension.swift */,
				939311642B27954800E9E516 /* View+Extensions.swift */,
				9374354A2B27FFB1001FE2FF /* UIImage+Extensions.swift */,
			);
			path = Extension;
			sourceTree = "<group>";
		};
		93BF3B4B2B25F285002520D4 /* Common */ = {
			isa = PBXGroup;
			children = (
				939355942B262E1E007B7232 /* Result.swift */,
			);
			path = Common;
			sourceTree = "<group>";
		};
/* End PBXGroup section */

/* Begin PBXNativeTarget section */
		93BF3B192B25DC32002520D4 /* SwiftUI-Viper-Architecture */ = {
			isa = PBXNativeTarget;
			buildConfigurationList = 93BF3B3E2B25DC35002520D4 /* Build configuration list for PBXNativeTarget "SwiftUI-Viper-Architecture" */;
			buildPhases = (
				93BF3B162B25DC32002520D4 /* Sources */,
				93BF3B172B25DC32002520D4 /* Frameworks */,
				93BF3B182B25DC32002520D4 /* Resources */,
			);
			buildRules = (
			);
			dependencies = (
			);
			name = "SwiftUI-Viper-Architecture";
			packageProductDependencies = (
				939355762B2625BB007B7232 /* Swinject */,
			);
			productName = "SwiftUI-Viper-Architecture";
			productReference = 93BF3B1A2B25DC32002520D4 /* SwiftUI-Viper-Architecture.app */;
			productType = "com.apple.product-type.application";
		};
		93BF3B292B25DC34002520D4 /* SwiftUI-Viper-ArchitectureTests */ = {
			isa = PBXNativeTarget;
			buildConfigurationList = 93BF3B412B25DC35002520D4 /* Build configuration list for PBXNativeTarget "SwiftUI-Viper-ArchitectureTests" */;
			buildPhases = (
				93BF3B262B25DC34002520D4 /* Sources */,
				93BF3B272B25DC34002520D4 /* Frameworks */,
				93BF3B282B25DC34002520D4 /* Resources */,
			);
			buildRules = (
			);
			dependencies = (
				93BF3B2C2B25DC34002520D4 /* PBXTargetDependency */,
			);
			name = "SwiftUI-Viper-ArchitectureTests";
			productName = "SwiftUI-Viper-ArchitectureTests";
			productReference = 93BF3B2A2B25DC34002520D4 /* SwiftUI-Viper-ArchitectureTests.xctest */;
			productType = "com.apple.product-type.bundle.unit-test";
		};
		93BF3B332B25DC35002520D4 /* SwiftUI-Viper-ArchitectureUITests */ = {
			isa = PBXNativeTarget;
			buildConfigurationList = 93BF3B442B25DC35002520D4 /* Build configuration list for PBXNativeTarget "SwiftUI-Viper-ArchitectureUITests" */;
			buildPhases = (
				93BF3B302B25DC35002520D4 /* Sources */,
				93BF3B312B25DC35002520D4 /* Frameworks */,
				93BF3B322B25DC35002520D4 /* Resources */,
			);
			buildRules = (
			);
			dependencies = (
				93BF3B362B25DC35002520D4 /* PBXTargetDependency */,
			);
			name = "SwiftUI-Viper-ArchitectureUITests";
			productName = "SwiftUI-Viper-ArchitectureUITests";
			productReference = 93BF3B342B25DC35002520D4 /* SwiftUI-Viper-ArchitectureUITests.xctest */;
			productType = "com.apple.product-type.bundle.ui-testing";
		};
/* End PBXNativeTarget section */

/* Begin PBXProject section */
		93BF3B122B25DC32002520D4 /* Project object */ = {
			isa = PBXProject;
			attributes = {
				BuildIndependentTargetsInParallel = 1;
				LastSwiftUpdateCheck = 1410;
				LastUpgradeCheck = 1410;
				TargetAttributes = {
					93BF3B192B25DC32002520D4 = {
						CreatedOnToolsVersion = 14.1;
					};
					93BF3B292B25DC34002520D4 = {
						CreatedOnToolsVersion = 14.1;
						TestTargetID = 93BF3B192B25DC32002520D4;
					};
					93BF3B332B25DC35002520D4 = {
						CreatedOnToolsVersion = 14.1;
						TestTargetID = 93BF3B192B25DC32002520D4;
					};
				};
			};
			buildConfigurationList = 93BF3B152B25DC32002520D4 /* Build configuration list for PBXProject "SwiftUI-Viper-Architecture" */;
			compatibilityVersion = "Xcode 14.0";
			developmentRegion = en;
			hasScannedForEncodings = 0;
			knownRegions = (
				en,
				Base,
			);
			mainGroup = 93BF3B112B25DC32002520D4;
			packageReferences = (
				93BF3B4D2B2607CB002520D4 /* XCRemoteSwiftPackageReference "Swinject" */,
			);
			productRefGroup = 93BF3B1B2B25DC32002520D4 /* Products */;
			projectDirPath = "";
			projectRoot = "";
			targets = (
				93BF3B192B25DC32002520D4 /* SwiftUI-Viper-Architecture */,
				93BF3B292B25DC34002520D4 /* SwiftUI-Viper-ArchitectureTests */,
				93BF3B332B25DC35002520D4 /* SwiftUI-Viper-ArchitectureUITests */,
			);
		};
/* End PBXProject section */

/* Begin PBXResourcesBuildPhase section */
		93BF3B182B25DC32002520D4 /* Resources */ = {
			isa = PBXResourcesBuildPhase;
			buildActionMask = 2147483647;
			files = (
				93BF3B252B25DC34002520D4 /* Preview Assets.xcassets in Resources */,
				93BF3B222B25DC34002520D4 /* Assets.xcassets in Resources */,
			);
			runOnlyForDeploymentPostprocessing = 0;
		};
		93BF3B282B25DC34002520D4 /* Resources */ = {
			isa = PBXResourcesBuildPhase;
			buildActionMask = 2147483647;
			files = (
			);
			runOnlyForDeploymentPostprocessing = 0;
		};
		93BF3B322B25DC35002520D4 /* Resources */ = {
			isa = PBXResourcesBuildPhase;
			buildActionMask = 2147483647;
			files = (
			);
			runOnlyForDeploymentPostprocessing = 0;
		};
/* End PBXResourcesBuildPhase section */

/* Begin PBXSourcesBuildPhase section */
		93BF3B162B25DC32002520D4 /* Sources */ = {
			isa = PBXSourcesBuildPhase;
			buildActionMask = 2147483647;
			files = (
				939355882B2627C0007B7232 /* ApiClient.swift in Sources */,
				939355952B262E1E007B7232 /* Result.swift in Sources */,
				9393558E2B262AF7007B7232 /* ProductMock.swift in Sources */,
				9393559E2B26B537007B7232 /* ProductsListingInteractor.swift in Sources */,
				939355912B262D05007B7232 /* ProductsStoreServiceImpl.swift in Sources */,
				939355B32B26BBE6007B7232 /* ProductItemView.swift in Sources */,
				939355AE2B26B94F007B7232 /* WebBrowserView.swift in Sources */,
				9393558A2B262A6C007B7232 /* Product.swift in Sources */,
				939355A02B26B54E007B7232 /* ProductsListingPresenter.swift in Sources */,
				939355802B26266E007B7232 /* ApiContainer.swift in Sources */,
				93BF3B202B25DC32002520D4 /* ContentView.swift in Sources */,
				9393557B2B2625F9007B7232 /* DependencyManager.swift in Sources */,
				939355A42B26B590007B7232 /* ProductsListingDependencies.swift in Sources */,
				939311652B27954800E9E516 /* View+Extensions.swift in Sources */,
				9393558C2B262A96007B7232 /* Category.swift in Sources */,
				939355A92B26B8ED007B7232 /* ProductsListingContracts.swift in Sources */,
				9393559C2B26B511007B7232 /* ProductsListingView.swift in Sources */,
				93BF3B1E2B25DC32002520D4 /* SwiftUI_Viper_ArchitectureApp.swift in Sources */,
				939355862B2627AD007B7232 /* ApiConsts.swift in Sources */,
				9393557D2B262601007B7232 /* Resolver.swift in Sources */,
				939355932B262D1E007B7232 /* ProductsStoreService.swift in Sources */,
				939355992B26AB44007B7232 /* SplashView.swift in Sources */,
				939355A22B26B566007B7232 /* ProductsListingRouter.swift in Sources */,
				9374354B2B27FFB1001FE2FF /* UIImage+Extensions.swift in Sources */,
				939355B52B26BDD8007B7232 /* CommonExtension.swift in Sources */,
				939355B12B26B9B0007B7232 /* WebView.swift in Sources */,
			);
			runOnlyForDeploymentPostprocessing = 0;
		};
		93BF3B262B25DC34002520D4 /* Sources */ = {
			isa = PBXSourcesBuildPhase;
			buildActionMask = 2147483647;
			files = (
				93BF3B2F2B25DC35002520D4 /* SwiftUI_Viper_ArchitectureTests.swift in Sources */,
			);
			runOnlyForDeploymentPostprocessing = 0;
		};
		93BF3B302B25DC35002520D4 /* Sources */ = {
			isa = PBXSourcesBuildPhase;
			buildActionMask = 2147483647;
			files = (
				93BF3B3B2B25DC35002520D4 /* SwiftUI_Viper_ArchitectureUITestsLaunchTests.swift in Sources */,
				93BF3B392B25DC35002520D4 /* SwiftUI_Viper_ArchitectureUITests.swift in Sources */,
			);
			runOnlyForDeploymentPostprocessing = 0;
		};
/* End PBXSourcesBuildPhase section */

/* Begin PBXTargetDependency section */
		93BF3B2C2B25DC34002520D4 /* PBXTargetDependency */ = {
			isa = PBXTargetDependency;
			target = 93BF3B192B25DC32002520D4 /* SwiftUI-Viper-Architecture */;
			targetProxy = 93BF3B2B2B25DC34002520D4 /* PBXContainerItemProxy */;
		};
		93BF3B362B25DC35002520D4 /* PBXTargetDependency */ = {
			isa = PBXTargetDependency;
			target = 93BF3B192B25DC32002520D4 /* SwiftUI-Viper-Architecture */;
			targetProxy = 93BF3B352B25DC35002520D4 /* PBXContainerItemProxy */;
		};
/* End PBXTargetDependency section */

/* Begin XCBuildConfiguration section */
		93BF3B3C2B25DC35002520D4 /* Debug */ = {
			isa = XCBuildConfiguration;
			buildSettings = {
				ALWAYS_SEARCH_USER_PATHS = NO;
				CLANG_ANALYZER_NONNULL = YES;
				CLANG_ANALYZER_NUMBER_OBJECT_CONVERSION = YES_AGGRESSIVE;
				CLANG_CXX_LANGUAGE_STANDARD = "gnu++20";
				CLANG_ENABLE_MODULES = YES;
				CLANG_ENABLE_OBJC_ARC = YES;
				CLANG_ENABLE_OBJC_WEAK = YES;
				CLANG_WARN_BLOCK_CAPTURE_AUTORELEASING = YES;
				CLANG_WARN_BOOL_CONVERSION = YES;
				CLANG_WARN_COMMA = YES;
				CLANG_WARN_CONSTANT_CONVERSION = YES;
				CLANG_WARN_DEPRECATED_OBJC_IMPLEMENTATIONS = YES;
				CLANG_WARN_DIRECT_OBJC_ISA_USAGE = YES_ERROR;
				CLANG_WARN_DOCUMENTATION_COMMENTS = YES;
				CLANG_WARN_EMPTY_BODY = YES;
				CLANG_WARN_ENUM_CONVERSION = YES;
				CLANG_WARN_INFINITE_RECURSION = YES;
				CLANG_WARN_INT_CONVERSION = YES;
				CLANG_WARN_NON_LITERAL_NULL_CONVERSION = YES;
				CLANG_WARN_OBJC_IMPLICIT_RETAIN_SELF = YES;
				CLANG_WARN_OBJC_LITERAL_CONVERSION = YES;
				CLANG_WARN_OBJC_ROOT_CLASS = YES_ERROR;
				CLANG_WARN_QUOTED_INCLUDE_IN_FRAMEWORK_HEADER = YES;
				CLANG_WARN_RANGE_LOOP_ANALYSIS = YES;
				CLANG_WARN_STRICT_PROTOTYPES = YES;
				CLANG_WARN_SUSPICIOUS_MOVE = YES;
				CLANG_WARN_UNGUARDED_AVAILABILITY = YES_AGGRESSIVE;
				CLANG_WARN_UNREACHABLE_CODE = YES;
				CLANG_WARN__DUPLICATE_METHOD_MATCH = YES;
				COPY_PHASE_STRIP = NO;
				DEBUG_INFORMATION_FORMAT = dwarf;
				ENABLE_STRICT_OBJC_MSGSEND = YES;
				ENABLE_TESTABILITY = YES;
				GCC_C_LANGUAGE_STANDARD = gnu11;
				GCC_DYNAMIC_NO_PIC = NO;
				GCC_NO_COMMON_BLOCKS = YES;
				GCC_OPTIMIZATION_LEVEL = 0;
				GCC_PREPROCESSOR_DEFINITIONS = (
					"DEBUG=1",
					"$(inherited)",
				);
				GCC_WARN_64_TO_32_BIT_CONVERSION = YES;
				GCC_WARN_ABOUT_RETURN_TYPE = YES_ERROR;
				GCC_WARN_UNDECLARED_SELECTOR = YES;
				GCC_WARN_UNINITIALIZED_AUTOS = YES_AGGRESSIVE;
				GCC_WARN_UNUSED_FUNCTION = YES;
				GCC_WARN_UNUSED_VARIABLE = YES;
				IPHONEOS_DEPLOYMENT_TARGET = 16.1;
				MTL_ENABLE_DEBUG_INFO = INCLUDE_SOURCE;
				MTL_FAST_MATH = YES;
				ONLY_ACTIVE_ARCH = YES;
				SDKROOT = iphoneos;
				SWIFT_ACTIVE_COMPILATION_CONDITIONS = DEBUG;
				SWIFT_OPTIMIZATION_LEVEL = "-Onone";
			};
			name = Debug;
		};
		93BF3B3D2B25DC35002520D4 /* Release */ = {
			isa = XCBuildConfiguration;
			buildSettings = {
				ALWAYS_SEARCH_USER_PATHS = NO;
				CLANG_ANALYZER_NONNULL = YES;
				CLANG_ANALYZER_NUMBER_OBJECT_CONVERSION = YES_AGGRESSIVE;
				CLANG_CXX_LANGUAGE_STANDARD = "gnu++20";
				CLANG_ENABLE_MODULES = YES;
				CLANG_ENABLE_OBJC_ARC = YES;
				CLANG_ENABLE_OBJC_WEAK = YES;
				CLANG_WARN_BLOCK_CAPTURE_AUTORELEASING = YES;
				CLANG_WARN_BOOL_CONVERSION = YES;
				CLANG_WARN_COMMA = YES;
				CLANG_WARN_CONSTANT_CONVERSION = YES;
				CLANG_WARN_DEPRECATED_OBJC_IMPLEMENTATIONS = YES;
				CLANG_WARN_DIRECT_OBJC_ISA_USAGE = YES_ERROR;
				CLANG_WARN_DOCUMENTATION_COMMENTS = YES;
				CLANG_WARN_EMPTY_BODY = YES;
				CLANG_WARN_ENUM_CONVERSION = YES;
				CLANG_WARN_INFINITE_RECURSION = YES;
				CLANG_WARN_INT_CONVERSION = YES;
				CLANG_WARN_NON_LITERAL_NULL_CONVERSION = YES;
				CLANG_WARN_OBJC_IMPLICIT_RETAIN_SELF = YES;
				CLANG_WARN_OBJC_LITERAL_CONVERSION = YES;
				CLANG_WARN_OBJC_ROOT_CLASS = YES_ERROR;
				CLANG_WARN_QUOTED_INCLUDE_IN_FRAMEWORK_HEADER = YES;
				CLANG_WARN_RANGE_LOOP_ANALYSIS = YES;
				CLANG_WARN_STRICT_PROTOTYPES = YES;
				CLANG_WARN_SUSPICIOUS_MOVE = YES;
				CLANG_WARN_UNGUARDED_AVAILABILITY = YES_AGGRESSIVE;
				CLANG_WARN_UNREACHABLE_CODE = YES;
				CLANG_WARN__DUPLICATE_METHOD_MATCH = YES;
				COPY_PHASE_STRIP = NO;
				DEBUG_INFORMATION_FORMAT = "dwarf-with-dsym";
				ENABLE_NS_ASSERTIONS = NO;
				ENABLE_STRICT_OBJC_MSGSEND = YES;
				GCC_C_LANGUAGE_STANDARD = gnu11;
				GCC_NO_COMMON_BLOCKS = YES;
				GCC_WARN_64_TO_32_BIT_CONVERSION = YES;
				GCC_WARN_ABOUT_RETURN_TYPE = YES_ERROR;
				GCC_WARN_UNDECLARED_SELECTOR = YES;
				GCC_WARN_UNINITIALIZED_AUTOS = YES_AGGRESSIVE;
				GCC_WARN_UNUSED_FUNCTION = YES;
				GCC_WARN_UNUSED_VARIABLE = YES;
				IPHONEOS_DEPLOYMENT_TARGET = 16.1;
				MTL_ENABLE_DEBUG_INFO = NO;
				MTL_FAST_MATH = YES;
				SDKROOT = iphoneos;
				SWIFT_COMPILATION_MODE = wholemodule;
				SWIFT_OPTIMIZATION_LEVEL = "-O";
				VALIDATE_PRODUCT = YES;
			};
			name = Release;
		};
		93BF3B3F2B25DC35002520D4 /* Debug */ = {
			isa = XCBuildConfiguration;
			buildSettings = {
				ASSETCATALOG_COMPILER_APPICON_NAME = AppIcon;
				ASSETCATALOG_COMPILER_GLOBAL_ACCENT_COLOR_NAME = AccentColor;
				CODE_SIGN_STYLE = Automatic;
				CURRENT_PROJECT_VERSION = 1;
				DEVELOPMENT_ASSET_PATHS = "\"SwiftUI-Viper-Architecture/Preview Content\"";
				DEVELOPMENT_TEAM = 99485X5JU5;
				ENABLE_PREVIEWS = YES;
				GENERATE_INFOPLIST_FILE = YES;
				INFOPLIST_KEY_UIApplicationSceneManifest_Generation = YES;
				INFOPLIST_KEY_UIApplicationSupportsIndirectInputEvents = YES;
				INFOPLIST_KEY_UILaunchScreen_Generation = YES;
				INFOPLIST_KEY_UISupportedInterfaceOrientations_iPad = "UIInterfaceOrientationPortrait UIInterfaceOrientationPortraitUpsideDown UIInterfaceOrientationLandscapeLeft UIInterfaceOrientationLandscapeRight";
				INFOPLIST_KEY_UISupportedInterfaceOrientations_iPhone = "UIInterfaceOrientationPortrait UIInterfaceOrientationLandscapeLeft UIInterfaceOrientationLandscapeRight";
				LD_RUNPATH_SEARCH_PATHS = (
					"$(inherited)",
					"@executable_path/Frameworks",
				);
				MARKETING_VERSION = 1.0;
				PRODUCT_BUNDLE_IDENTIFIER = "io.gauravtak.SwiftUI-Viper-Architecture";
				PRODUCT_NAME = "$(TARGET_NAME)";
				SWIFT_EMIT_LOC_STRINGS = YES;
				SWIFT_VERSION = 5.0;
				TARGETED_DEVICE_FAMILY = "1,2";
			};
			name = Debug;
		};
		93BF3B402B25DC35002520D4 /* Release */ = {
			isa = XCBuildConfiguration;
			buildSettings = {
				ASSETCATALOG_COMPILER_APPICON_NAME = AppIcon;
				ASSETCATALOG_COMPILER_GLOBAL_ACCENT_COLOR_NAME = AccentColor;
				CODE_SIGN_STYLE = Automatic;
				CURRENT_PROJECT_VERSION = 1;
				DEVELOPMENT_ASSET_PATHS = "\"SwiftUI-Viper-Architecture/Preview Content\"";
				DEVELOPMENT_TEAM = 99485X5JU5;
				ENABLE_PREVIEWS = YES;
				GENERATE_INFOPLIST_FILE = YES;
				INFOPLIST_KEY_UIApplicationSceneManifest_Generation = YES;
				INFOPLIST_KEY_UIApplicationSupportsIndirectInputEvents = YES;
				INFOPLIST_KEY_UILaunchScreen_Generation = YES;
				INFOPLIST_KEY_UISupportedInterfaceOrientations_iPad = "UIInterfaceOrientationPortrait UIInterfaceOrientationPortraitUpsideDown UIInterfaceOrientationLandscapeLeft UIInterfaceOrientationLandscapeRight";
				INFOPLIST_KEY_UISupportedInterfaceOrientations_iPhone = "UIInterfaceOrientationPortrait UIInterfaceOrientationLandscapeLeft UIInterfaceOrientationLandscapeRight";
				LD_RUNPATH_SEARCH_PATHS = (
					"$(inherited)",
					"@executable_path/Frameworks",
				);
				MARKETING_VERSION = 1.0;
				PRODUCT_BUNDLE_IDENTIFIER = "io.gauravtak.SwiftUI-Viper-Architecture";
				PRODUCT_NAME = "$(TARGET_NAME)";
				SWIFT_EMIT_LOC_STRINGS = YES;
				SWIFT_VERSION = 5.0;
				TARGETED_DEVICE_FAMILY = "1,2";
			};
			name = Release;
		};
		93BF3B422B25DC35002520D4 /* Debug */ = {
			isa = XCBuildConfiguration;
			buildSettings = {
				ALWAYS_EMBED_SWIFT_STANDARD_LIBRARIES = YES;
				BUNDLE_LOADER = "$(TEST_HOST)";
				CODE_SIGN_STYLE = Automatic;
				CURRENT_PROJECT_VERSION = 1;
				DEVELOPMENT_TEAM = 99485X5JU5;
				GENERATE_INFOPLIST_FILE = YES;
				IPHONEOS_DEPLOYMENT_TARGET = 16.1;
				MARKETING_VERSION = 1.0;
				PRODUCT_BUNDLE_IDENTIFIER = "io.gauravtak.SwiftUI-Viper-ArchitectureTests";
				PRODUCT_NAME = "$(TARGET_NAME)";
				SWIFT_EMIT_LOC_STRINGS = NO;
				SWIFT_VERSION = 5.0;
				TARGETED_DEVICE_FAMILY = "1,2";
				TEST_HOST = "$(BUILT_PRODUCTS_DIR)/SwiftUI-Viper-Architecture.app/$(BUNDLE_EXECUTABLE_FOLDER_PATH)/SwiftUI-Viper-Architecture";
			};
			name = Debug;
		};
		93BF3B432B25DC35002520D4 /* Release */ = {
			isa = XCBuildConfiguration;
			buildSettings = {
				ALWAYS_EMBED_SWIFT_STANDARD_LIBRARIES = YES;
				BUNDLE_LOADER = "$(TEST_HOST)";
				CODE_SIGN_STYLE = Automatic;
				CURRENT_PROJECT_VERSION = 1;
				DEVELOPMENT_TEAM = 99485X5JU5;
				GENERATE_INFOPLIST_FILE = YES;
				IPHONEOS_DEPLOYMENT_TARGET = 16.1;
				MARKETING_VERSION = 1.0;
				PRODUCT_BUNDLE_IDENTIFIER = "io.gauravtak.SwiftUI-Viper-ArchitectureTests";
				PRODUCT_NAME = "$(TARGET_NAME)";
				SWIFT_EMIT_LOC_STRINGS = NO;
				SWIFT_VERSION = 5.0;
				TARGETED_DEVICE_FAMILY = "1,2";
				TEST_HOST = "$(BUILT_PRODUCTS_DIR)/SwiftUI-Viper-Architecture.app/$(BUNDLE_EXECUTABLE_FOLDER_PATH)/SwiftUI-Viper-Architecture";
			};
			name = Release;
		};
		93BF3B452B25DC35002520D4 /* Debug */ = {
			isa = XCBuildConfiguration;
			buildSettings = {
				ALWAYS_EMBED_SWIFT_STANDARD_LIBRARIES = YES;
				CODE_SIGN_STYLE = Automatic;
				CURRENT_PROJECT_VERSION = 1;
				DEVELOPMENT_TEAM = 99485X5JU5;
				GENERATE_INFOPLIST_FILE = YES;
				MARKETING_VERSION = 1.0;
				PRODUCT_BUNDLE_IDENTIFIER = "io.gauravtak.SwiftUI-Viper-ArchitectureUITests";
				PRODUCT_NAME = "$(TARGET_NAME)";
				SWIFT_EMIT_LOC_STRINGS = NO;
				SWIFT_VERSION = 5.0;
				TARGETED_DEVICE_FAMILY = "1,2";
				TEST_TARGET_NAME = "SwiftUI-Viper-Architecture";
			};
			name = Debug;
		};
		93BF3B462B25DC35002520D4 /* Release */ = {
			isa = XCBuildConfiguration;
			buildSettings = {
				ALWAYS_EMBED_SWIFT_STANDARD_LIBRARIES = YES;
				CODE_SIGN_STYLE = Automatic;
				CURRENT_PROJECT_VERSION = 1;
				DEVELOPMENT_TEAM = 99485X5JU5;
				GENERATE_INFOPLIST_FILE = YES;
				MARKETING_VERSION = 1.0;
				PRODUCT_BUNDLE_IDENTIFIER = "io.gauravtak.SwiftUI-Viper-ArchitectureUITests";
				PRODUCT_NAME = "$(TARGET_NAME)";
				SWIFT_EMIT_LOC_STRINGS = NO;
				SWIFT_VERSION = 5.0;
				TARGETED_DEVICE_FAMILY = "1,2";
				TEST_TARGET_NAME = "SwiftUI-Viper-Architecture";
			};
			name = Release;
		};
/* End XCBuildConfiguration section */

/* Begin XCConfigurationList section */
		93BF3B152B25DC32002520D4 /* Build configuration list for PBXProject "SwiftUI-Viper-Architecture" */ = {
			isa = XCConfigurationList;
			buildConfigurations = (
				93BF3B3C2B25DC35002520D4 /* Debug */,
				93BF3B3D2B25DC35002520D4 /* Release */,
			);
			defaultConfigurationIsVisible = 0;
			defaultConfigurationName = Release;
		};
		93BF3B3E2B25DC35002520D4 /* Build configuration list for PBXNativeTarget "SwiftUI-Viper-Architecture" */ = {
			isa = XCConfigurationList;
			buildConfigurations = (
				93BF3B3F2B25DC35002520D4 /* Debug */,
				93BF3B402B25DC35002520D4 /* Release */,
			);
			defaultConfigurationIsVisible = 0;
			defaultConfigurationName = Release;
		};
		93BF3B412B25DC35002520D4 /* Build configuration list for PBXNativeTarget "SwiftUI-Viper-ArchitectureTests" */ = {
			isa = XCConfigurationList;
			buildConfigurations = (
				93BF3B422B25DC35002520D4 /* Debug */,
				93BF3B432B25DC35002520D4 /* Release */,
			);
			defaultConfigurationIsVisible = 0;
			defaultConfigurationName = Release;
		};
		93BF3B442B25DC35002520D4 /* Build configuration list for PBXNativeTarget "SwiftUI-Viper-ArchitectureUITests" */ = {
			isa = XCConfigurationList;
			buildConfigurations = (
				93BF3B452B25DC35002520D4 /* Debug */,
				93BF3B462B25DC35002520D4 /* Release */,
			);
			defaultConfigurationIsVisible = 0;
			defaultConfigurationName = Release;
		};
/* End XCConfigurationList section */

/* Begin XCRemoteSwiftPackageReference section */
		93BF3B4D2B2607CB002520D4 /* XCRemoteSwiftPackageReference "Swinject" */ = {
			isa = XCRemoteSwiftPackageReference;
			repositoryURL = "https://github.com/Swinject/Swinject";
			requirement = {
				kind = upToNextMajorVersion;
				minimumVersion = 2.0.0;
			};
		};
/* End XCRemoteSwiftPackageReference section */

/* Begin XCSwiftPackageProductDependency section */
		939355762B2625BB007B7232 /* Swinject */ = {
			isa = XCSwiftPackageProductDependency;
			package = 93BF3B4D2B2607CB002520D4 /* XCRemoteSwiftPackageReference "Swinject" */;
			productName = Swinject;
		};
/* End XCSwiftPackageProductDependency section */
	};
	rootObject = 93BF3B122B25DC32002520D4 /* Project object */;
}
